# This file was autogenerated by Stack.
# You should not edit this file by hand.
# For more information, please see the documentation at:
#   https://docs.haskellstack.org/en/stable/topics/lock_files

packages:
- completed:
    hackage: sdl2-2.5.5.1@sha256:7e2c55ca0ec4b538351fd3cceb71dbc5f99893dd326a7db78efa4adecc43c086,12150
    pantry-tree:
      sha256: 3623c5ef3144fa52f5db1599c3cfb0067840ba141d3516a8d750ed119476158f
      size: 6641
  original:
    hackage: sdl2-2.5.5.1
- completed:
    hackage: OpenGL-3.0.3.0@sha256:bcd8a08d9e2679b28faffffa71e3c7cc101bb72d7518ead85155dd3a194a2988,7875
    pantry-tree:
      sha256: 7c0e2739e9c16b1658e5f2a9a2848b36c92fd854a138cbfa53a4473c23a739eb
      size: 11166
  original:
    hackage: OpenGL-3.0.3.0
- completed:
    hackage: OpenAL-1.7.0.5@sha256:cbc2a089b66705adc34d72eb3fb2c4bc757abb46d166e02ca27d7191aab3becc,3423
    pantry-tree:
      sha256: 1b6487ef70214655e78096d66450e689f04fbb2323cfc16769d60589ac3b5b92
      size: 2461
  original:
    hackage: OpenAL-1.7.0.5
- completed:
    hackage: dear-imgui-2.4.0@sha256:9f26ae0922fadbf92cd6fd2939e8398575305ec0f4ec46a6a81a410a86c0b656,9505
    pantry-tree:
      sha256: 1ed5d5bdd76c7fc177a6f8731791dd61e10599bda1f9f4bab5a7592b8e1efb92
      size: 5882
  original:
    hackage: dear-imgui-2.4.0
- completed:
    hackage: serialise-0.2.6.1@sha256:a67f89b5533b1148ad465dc7f24baeed2e2e9e7d81d2a147fc7fa8ff1089ca4d,8814
    pantry-tree:
      sha256: e2b5dc18ea5ac82cf8776d1620f641cd518cb6e9c971e417c324a8d251c332c1
      size: 4056
  original:
    hackage: serialise-0.2.6.1
- completed:
    hackage: stm-2.5.3.1@sha256:421b57c9cdf55b4977e9445336be3895ba0c8d92b6ec6e474f140e173270d9dd,2443
    pantry-tree:
      sha256: bf5b63fd751f2aab774df1d76d1a2298c1203b4c7be4f66bae47669e026bfbe9
      size: 1392
  original:
    hackage: stm-2.5.3.1
- completed:
    hackage: quic-0.2.7@sha256:ba16849a697ddc4c9759bc0cd0001b849cf43030f5529c98f468aff0c4166ffb,7212
    pantry-tree:
      sha256: 9a1139642816206666808fbd54542f92a20562cb4df676aa73efefe48499b3c6
      size: 7623
  original:
    hackage: quic-0.2.7
- completed:
    hackage: x509-1.7.7@sha256:90eef2d745a654146fc1c325e035eaddac531e4d2145d4bc1dcf4b8fad439d34,2276
    pantry-tree:
      sha256: d81ffd09633c0417bcedbfc29f870cc843ec0750edd2f73c8fd60a5e5df278d2
      size: 1124
  original:
    hackage: x509-1.7.7
- completed:
    commit: 17ee397659a114bc1258e231f093b01a2781f5b3
    git: https://gitlab.com/dpwiz/quic-simple/
    name: quic-simple
    pantry-tree:
      sha256: 2eb06b9004c26f8ea9c3e90204c60f1bcf1da138c7561ab821035fd24bf3e41b
      size: 686
    version: 0.1.0.1
  original:
    commit: 17ee397659a114bc1258e231f093b01a2781f5b3
    git: https://gitlab.com/dpwiz/quic-simple/
snapshots:
- completed:
    sha256: ecb944087cba3b8e85ff75d279bbb878615127e44d1b0485c511834c56ee6929
    size: 680789
    url: https://raw.githubusercontent.com/commercialhaskell/stackage-snapshots/master/lts/23/8.yaml
  original:
    url: https://raw.githubusercontent.com/commercialhaskell/stackage-snapshots/master/lts/23/8.yaml
