# This file was autogenerated by Stack.
# You should not edit this file by hand.
# For more information, please see the documentation at:
#   https://docs.haskellstack.org/en/stable/topics/lock_files

packages:
- completed:
    hackage: sdl2-2.5.5.1@sha256:7e2c55ca0ec4b538351fd3cceb71dbc5f99893dd326a7db78efa4adecc43c086,12150
    pantry-tree:
      sha256: 3623c5ef3144fa52f5db1599c3cfb0067840ba141d3516a8d750ed119476158f
      size: 6641
  original:
    hackage: sdl2-2.5.5.1
- completed:
    hackage: OpenGL-3.0.3.0@sha256:bcd8a08d9e2679b28faffffa71e3c7cc101bb72d7518ead85155dd3a194a2988,7875
    pantry-tree:
      sha256: 7c0e2739e9c16b1658e5f2a9a2848b36c92fd854a138cbfa53a4473c23a739eb
      size: 11166
  original:
    hackage: OpenGL-3.0.3.0
- completed:
    hackage: OpenAL-1.7.0.5@sha256:cbc2a089b66705adc34d72eb3fb2c4bc757abb46d166e02ca27d7191aab3becc,3423
    pantry-tree:
      sha256: 1b6487ef70214655e78096d66450e689f04fbb2323cfc16769d60589ac3b5b92
      size: 2461
  original:
    hackage: OpenAL-1.7.0.5
- completed:
    hackage: dear-imgui-2.4.0@sha256:9f26ae0922fadbf92cd6fd2939e8398575305ec0f4ec46a6a81a410a86c0b656,9505
    pantry-tree:
      sha256: 1ed5d5bdd76c7fc177a6f8731791dd61e10599bda1f9f4bab5a7592b8e1efb92
      size: 5882
  original:
    hackage: dear-imgui-2.4.0
snapshots:
- completed:
    sha256: ecb944087cba3b8e85ff75d279bbb878615127e44d1b0485c511834c56ee6929
    size: 680789
    url: https://raw.githubusercontent.com/commercialhaskell/stackage-snapshots/master/lts/23/8.yaml
  original:
    url: https://raw.githubusercontent.com/commercialhaskell/stackage-snapshots/master/lts/23/8.yaml
